
Microsoft Visual Studio Solution File, Format Version 12.00
# Visual Studio Version 17
VisualStudioVersion = 17.11.35327.3
MinimumVisualStudioVersion = 10.0.40219.1
Project("{8BC9CEB8-8B4A-11D0-8D11-00A0C91BC942}") = "LicenseDetection", "LicenseDetection\LicenseDetection.vcxproj", "{7AEAD3B0-D91A-4B3F-9E28-BF42A306DB50}"
EndProject
Project("{FAE04EC0-301F-11D3-BF4B-00C04F79EFBC}") = "LicenseDetectionUI", "LicenseDetectionUI\LicenseDetectionUI.csproj", "{B7819885-3DCA-4D48-91AB-D39EDB847A12}"
	ProjectSection(ProjectDependencies) = postProject
		{7AEAD3B0-D91A-4B3F-9E28-BF42A306DB50} = {7AEAD3B0-D91A-4B3F-9E28-BF42A306DB50}
	EndProjectSection
EndProject
Global
	GlobalSection(SolutionConfigurationPlatforms) = preSolution
		Debug|Any CPU = Debug|Any CPU
		Debug|x64 = Debug|x64
		Debug|x86 = Debug|x86
		Release|Any CPU = Release|Any CPU
		Release|x64 = Release|x64
		Release|x86 = Release|x86
	EndGlobalSection
	GlobalSection(ProjectConfigurationPlatforms) = postSolution
		{7AEAD3B0-D91A-4B3F-9E28-BF42A306DB50}.Debug|Any CPU.ActiveCfg = Debug|x64
		{7AEAD3B0-D91A-4B3F-9E28-BF42A306DB50}.Debug|Any CPU.Build.0 = Debug|x64
		{7AEAD3B0-D91A-4B3F-9E28-BF42A306DB50}.Debug|x64.ActiveCfg = Debug|x64
		{7AEAD3B0-D91A-4B3F-9E28-BF42A306DB50}.Debug|x64.Build.0 = Debug|x64
		{7AEAD3B0-D91A-4B3F-9E28-BF42A306DB50}.Debug|x86.ActiveCfg = Debug|Win32
		{7AEAD3B0-D91A-4B3F-9E28-BF42A306DB50}.Debug|x86.Build.0 = Debug|Win32
		{7AEAD3B0-D91A-4B3F-9E28-BF42A306DB50}.Release|Any CPU.ActiveCfg = Release|x64
		{7AEAD3B0-D91A-4B3F-9E28-BF42A306DB50}.Release|Any CPU.Build.0 = Release|x64
		{7AEAD3B0-D91A-4B3F-9E28-BF42A306DB50}.Release|x64.ActiveCfg = Release|x64
		{7AEAD3B0-D91A-4B3F-9E28-BF42A306DB50}.Release|x64.Build.0 = Release|x64
		{7AEAD3B0-D91A-4B3F-9E28-BF42A306DB50}.Release|x86.ActiveCfg = Release|Win32
		{7AEAD3B0-D91A-4B3F-9E28-BF42A306DB50}.Release|x86.Build.0 = Release|Win32
		{B7819885-3DCA-4D48-91AB-D39EDB847A12}.Debug|Any CPU.ActiveCfg = Debug|Any CPU
		{B7819885-3DCA-4D48-91AB-D39EDB847A12}.Debug|Any CPU.Build.0 = Debug|Any CPU
		{B7819885-3DCA-4D48-91AB-D39EDB847A12}.Debug|x64.ActiveCfg = Debug|Any CPU
		{B7819885-3DCA-4D48-91AB-D39EDB847A12}.Debug|x64.Build.0 = Debug|Any CPU
		{B7819885-3DCA-4D48-91AB-D39EDB847A12}.Debug|x86.ActiveCfg = Debug|Any CPU
		{B7819885-3DCA-4D48-91AB-D39EDB847A12}.Debug|x86.Build.0 = Debug|Any CPU
		{B7819885-3DCA-4D48-91AB-D39EDB847A12}.Release|Any CPU.ActiveCfg = Release|Any CPU
		{B7819885-3DCA-4D48-91AB-D39EDB847A12}.Release|Any CPU.Build.0 = Release|Any CPU
		{B7819885-3DCA-4D48-91AB-D39EDB847A12}.Release|x64.ActiveCfg = Release|Any CPU
		{B7819885-3DCA-4D48-91AB-D39EDB847A12}.Release|x64.Build.0 = Release|Any CPU
		{B7819885-3DCA-4D48-91AB-D39EDB847A12}.Release|x86.ActiveCfg = Release|Any CPU
		{B7819885-3DCA-4D48-91AB-D39EDB847A12}.Release|x86.Build.0 = Release|Any CPU
	EndGlobalSection
	GlobalSection(SolutionProperties) = preSolution
		HideSolutionNode = FALSE
	EndGlobalSection
	GlobalSection(ExtensibilityGlobals) = postSolution
		SolutionGuid = {568ACF8E-A4EA-4888-80CD-1E8BA38FCDB7}
	EndGlobalSection
EndGlobal
